
Microsoft Visual Studio Solution File, Format Version 12.00
# Visual Studio Version 16
VisualStudioVersion = 16.0.31624.102
MinimumVisualStudioVersion = 10.0.40219.1
Project("{FAE04EC0-301F-11D3-BF4B-00C04F79EFBC}") = "Coulomb 1", "Coulomb1\Coulomb 1.csproj", "{E098B31C-B381-4458-8A47-DB97238191F3}"
EndProject
Global
	GlobalSection(SolutionConfigurationPlatforms) = preSolution
		Debug|Any CPU = Debug|Any CPU
		Release|Any CPU = Release|Any CPU
	EndGlobalSection
	GlobalSection(ProjectConfigurationPlatforms) = postSolution
		{E098B31C-B381-4458-8A47-DB97238191F3}.Debug|Any CPU.ActiveCfg = Debug|Any CPU
		{E098B31C-B381-4458-8A47-DB97238191F3}.Debug|Any CPU.Build.0 = Debug|Any CPU
		{E098B31C-B381-4458-8A47-DB97238191F3}.Release|Any CPU.ActiveCfg = Release|Any CPU
		{E098B31C-B381-4458-8A47-DB97238191F3}.Release|Any CPU.Build.0 = Release|Any CPU
	EndGlobalSection
	GlobalSection(SolutionProperties) = preSolution
		HideSolutionNode = FALSE
	EndGlobalSection
	GlobalSection(ExtensibilityGlobals) = postSolution
		SolutionGuid = {37DCB3F1-9EB8-437A-BC53-E9601C6628D2}
	EndGlobalSection
EndGlobal
