
Microsoft Visual Studio Solution File, Format Version 12.00
# Visual Studio Version 16
VisualStudioVersion = 16.0.31702.278
MinimumVisualStudioVersion = 10.0.40219.1
Project("{FAE04EC0-301F-11D3-BF4B-00C04F79EFBC}") = "DistribucionNormal", "DistribucionNormal\DistribucionNormal.csproj", "{5004C016-3505-40D2-A4A4-EAD980858DFC}"
EndProject
Project("{FAE04EC0-301F-11D3-BF4B-00C04F79EFBC}") = "DistribucionTomatesJitomates", "DistribucionTomatesJitomates\DistribucionTomatesJitomates.csproj", "{B289B09B-5B57-484A-9140-1FDB5ECF5CEF}"
EndProject
Global
	GlobalSection(SolutionConfigurationPlatforms) = preSolution
		Debug|Any CPU = Debug|Any CPU
		Release|Any CPU = Release|Any CPU
	EndGlobalSection
	GlobalSection(ProjectConfigurationPlatforms) = postSolution
		{5004C016-3505-40D2-A4A4-EAD980858DFC}.Debug|Any CPU.ActiveCfg = Debug|Any CPU
		{5004C016-3505-40D2-A4A4-EAD980858DFC}.Debug|Any CPU.Build.0 = Debug|Any CPU
		{5004C016-3505-40D2-A4A4-EAD980858DFC}.Release|Any CPU.ActiveCfg = Release|Any CPU
		{5004C016-3505-40D2-A4A4-EAD980858DFC}.Release|Any CPU.Build.0 = Release|Any CPU
		{B289B09B-5B57-484A-9140-1FDB5ECF5CEF}.Debug|Any CPU.ActiveCfg = Debug|Any CPU
		{B289B09B-5B57-484A-9140-1FDB5ECF5CEF}.Debug|Any CPU.Build.0 = Debug|Any CPU
		{B289B09B-5B57-484A-9140-1FDB5ECF5CEF}.Release|Any CPU.ActiveCfg = Release|Any CPU
		{B289B09B-5B57-484A-9140-1FDB5ECF5CEF}.Release|Any CPU.Build.0 = Release|Any CPU
	EndGlobalSection
	GlobalSection(SolutionProperties) = preSolution
		HideSolutionNode = FALSE
	EndGlobalSection
	GlobalSection(ExtensibilityGlobals) = postSolution
		SolutionGuid = {76EC5285-5E78-4784-A2E6-BE4792745BA9}
	EndGlobalSection
EndGlobal
