
Microsoft Visual Studio Solution File, Format Version 12.00
# Visual Studio Version 16
VisualStudioVersion = 16.0.31729.503
MinimumVisualStudioVersion = 10.0.40219.1
Project("{FAE04EC0-301F-11D3-BF4B-00C04F79EFBC}") = "Iris", "Data Normalization\Iris.csproj", "{FD5DBE2D-DF53-4A4E-9D0D-37D4CF593ED6}"
EndProject
Global
	GlobalSection(SolutionConfigurationPlatforms) = preSolution
		Debug|Any CPU = Debug|Any CPU
		Release|Any CPU = Release|Any CPU
	EndGlobalSection
	GlobalSection(ProjectConfigurationPlatforms) = postSolution
		{FD5DBE2D-DF53-4A4E-9D0D-37D4CF593ED6}.Debug|Any CPU.ActiveCfg = Debug|Any CPU
		{FD5DBE2D-DF53-4A4E-9D0D-37D4CF593ED6}.Debug|Any CPU.Build.0 = Debug|Any CPU
		{FD5DBE2D-DF53-4A4E-9D0D-37D4CF593ED6}.Release|Any CPU.ActiveCfg = Release|Any CPU
		{FD5DBE2D-DF53-4A4E-9D0D-37D4CF593ED6}.Release|Any CPU.Build.0 = Release|Any CPU
	EndGlobalSection
	GlobalSection(SolutionProperties) = preSolution
		HideSolutionNode = FALSE
	EndGlobalSection
	GlobalSection(ExtensibilityGlobals) = postSolution
		SolutionGuid = {7CB86CDA-DA54-4177-8C74-E7DA87E06971}
	EndGlobalSection
EndGlobal
