
Microsoft Visual Studio Solution File, Format Version 12.00
# Visual Studio Version 16
VisualStudioVersion = 16.0.31729.503
MinimumVisualStudioVersion = 10.0.40219.1
Project("{FAE04EC0-301F-11D3-BF4B-00C04F79EFBC}") = "Practica4 (Enviar)", "Practica4\Practica4 (Enviar).csproj", "{1AE93864-EE7B-4F5C-8F5F-09969F143E44}"
EndProject
Project("{FAE04EC0-301F-11D3-BF4B-00C04F79EFBC}") = "Practica4 (Recibir)", "Practica4 (Recibir)\Practica4 (Recibir).csproj", "{336D7DCE-486B-42FB-914A-48FEF89564DE}"
EndProject
Global
	GlobalSection(SolutionConfigurationPlatforms) = preSolution
		Debug|Any CPU = Debug|Any CPU
		Release|Any CPU = Release|Any CPU
	EndGlobalSection
	GlobalSection(ProjectConfigurationPlatforms) = postSolution
		{1AE93864-EE7B-4F5C-8F5F-09969F143E44}.Debug|Any CPU.ActiveCfg = Debug|Any CPU
		{1AE93864-EE7B-4F5C-8F5F-09969F143E44}.Debug|Any CPU.Build.0 = Debug|Any CPU
		{1AE93864-EE7B-4F5C-8F5F-09969F143E44}.Release|Any CPU.ActiveCfg = Release|Any CPU
		{1AE93864-EE7B-4F5C-8F5F-09969F143E44}.Release|Any CPU.Build.0 = Release|Any CPU
		{336D7DCE-486B-42FB-914A-48FEF89564DE}.Debug|Any CPU.ActiveCfg = Debug|Any CPU
		{336D7DCE-486B-42FB-914A-48FEF89564DE}.Debug|Any CPU.Build.0 = Debug|Any CPU
		{336D7DCE-486B-42FB-914A-48FEF89564DE}.Release|Any CPU.ActiveCfg = Release|Any CPU
		{336D7DCE-486B-42FB-914A-48FEF89564DE}.Release|Any CPU.Build.0 = Release|Any CPU
	EndGlobalSection
	GlobalSection(SolutionProperties) = preSolution
		HideSolutionNode = FALSE
	EndGlobalSection
	GlobalSection(ExtensibilityGlobals) = postSolution
		SolutionGuid = {C7B1A07A-6F54-4655-809B-09C2C7E31D58}
	EndGlobalSection
EndGlobal
