
Microsoft Visual Studio Solution File, Format Version 12.00
# Visual Studio Version 16
VisualStudioVersion = 16.0.31729.503
MinimumVisualStudioVersion = 10.0.40219.1
Project("{FAE04EC0-301F-11D3-BF4B-00C04F79EFBC}") = "ClienteWS", "WS(Cliente)\ClienteWS.csproj", "{16A5B45E-536B-4C7F-B3AB-B82CB2EB4D10}"
	ProjectSection(ProjectDependencies) = postProject
		{719645E7-793D-4A17-A56B-3DA875EB847B} = {719645E7-793D-4A17-A56B-3DA875EB847B}
	EndProjectSection
EndProject
Project("{FAE04EC0-301F-11D3-BF4B-00C04F79EFBC}") = "WSPractica1.2", "WcfService1\WSPractica1.2.csproj", "{719645E7-793D-4A17-A56B-3DA875EB847B}"
EndProject
Global
	GlobalSection(SolutionConfigurationPlatforms) = preSolution
		Debug|Any CPU = Debug|Any CPU
		Release|Any CPU = Release|Any CPU
	EndGlobalSection
	GlobalSection(ProjectConfigurationPlatforms) = postSolution
		{16A5B45E-536B-4C7F-B3AB-B82CB2EB4D10}.Debug|Any CPU.ActiveCfg = Debug|Any CPU
		{16A5B45E-536B-4C7F-B3AB-B82CB2EB4D10}.Debug|Any CPU.Build.0 = Debug|Any CPU
		{16A5B45E-536B-4C7F-B3AB-B82CB2EB4D10}.Release|Any CPU.ActiveCfg = Release|Any CPU
		{16A5B45E-536B-4C7F-B3AB-B82CB2EB4D10}.Release|Any CPU.Build.0 = Release|Any CPU
		{719645E7-793D-4A17-A56B-3DA875EB847B}.Debug|Any CPU.ActiveCfg = Debug|Any CPU
		{719645E7-793D-4A17-A56B-3DA875EB847B}.Debug|Any CPU.Build.0 = Debug|Any CPU
		{719645E7-793D-4A17-A56B-3DA875EB847B}.Release|Any CPU.ActiveCfg = Release|Any CPU
		{719645E7-793D-4A17-A56B-3DA875EB847B}.Release|Any CPU.Build.0 = Release|Any CPU
	EndGlobalSection
	GlobalSection(SolutionProperties) = preSolution
		HideSolutionNode = FALSE
	EndGlobalSection
	GlobalSection(ExtensibilityGlobals) = postSolution
		SolutionGuid = {C10BFDB7-EB8D-4E55-B7B3-356BFB567BEE}
	EndGlobalSection
EndGlobal
